
Microsoft Visual Studio Solution File, Format Version 12.00
# Visual Studio 14
VisualStudioVersion = 14.0.25420.1
MinimumVisualStudioVersion = 10.0.40219.1
Project("{FAE04EC0-301F-11D3-BF4B-00C04F79EFBC}") = "KJK.Portal", "KJK.Portal\KJK.Portal.csproj", "{F0A7250F-CE6B-456D-9D93-B4FBD9A6BC5C}"
EndProject
Project("{FAE04EC0-301F-11D3-BF4B-00C04F79EFBC}") = "KJK.Portal.Tests", "KJK.Portal.Tests\KJK.Portal.Tests.csproj", "{CB9F997D-DD0D-4FE2-82FD-89E94A079888}"
EndProject
Global
	GlobalSection(SolutionConfigurationPlatforms) = preSolution
		Debug|Any CPU = Debug|Any CPU
		Release|Any CPU = Release|Any CPU
	EndGlobalSection
	GlobalSection(ProjectConfigurationPlatforms) = postSolution
		{F0A7250F-CE6B-456D-9D93-B4FBD9A6BC5C}.Debug|Any CPU.ActiveCfg = Debug|Any CPU
		{F0A7250F-CE6B-456D-9D93-B4FBD9A6BC5C}.Debug|Any CPU.Build.0 = Debug|Any CPU
		{F0A7250F-CE6B-456D-9D93-B4FBD9A6BC5C}.Release|Any CPU.ActiveCfg = Release|Any CPU
		{F0A7250F-CE6B-456D-9D93-B4FBD9A6BC5C}.Release|Any CPU.Build.0 = Release|Any CPU
		{CB9F997D-DD0D-4FE2-82FD-89E94A079888}.Debug|Any CPU.ActiveCfg = Debug|Any CPU
		{CB9F997D-DD0D-4FE2-82FD-89E94A079888}.Debug|Any CPU.Build.0 = Debug|Any CPU
		{CB9F997D-DD0D-4FE2-82FD-89E94A079888}.Release|Any CPU.ActiveCfg = Release|Any CPU
		{CB9F997D-DD0D-4FE2-82FD-89E94A079888}.Release|Any CPU.Build.0 = Release|Any CPU
	EndGlobalSection
	GlobalSection(SolutionProperties) = preSolution
		HideSolutionNode = FALSE
	EndGlobalSection
EndGlobal
